// !$*UTF8*$!
{
	archiveVersion = 1;
	classes = {
	};
	objectVersion = 51;
	objects = {

/* Begin PBXBuildFile section */
		A0870ACA634A294CF27645BC /* Pods_EngineerApp.framework in Frameworks */ = {isa = PBXBuildFile; fileRef = DB2AC9D9DEEBE24529499A5D /* Pods_EngineerApp.framework */; };
		A40C8A9625663E390088A1D6 /* AppDelegate.swift in Sources */ = {isa = PBXBuildFile; fileRef = A40C8A9525663E390088A1D6 /* AppDelegate.swift */; };
		A40C8A9825663E390088A1D6 /* SceneDelegate.swift in Sources */ = {isa = PBXBuildFile; fileRef = A40C8A9725663E390088A1D6 /* SceneDelegate.swift */; };
		A40C8AAD25663E3A0088A1D6 /* EngineerAppTests.swift in Sources */ = {isa = PBXBuildFile; fileRef = A40C8AAC25663E3A0088A1D6 /* EngineerAppTests.swift */; };
		A40C8AB825663E3A0088A1D6 /* EngineerAppUITests.swift in Sources */ = {isa = PBXBuildFile; fileRef = A40C8AB725663E3A0088A1D6 /* EngineerAppUITests.swift */; };
		A40EF1E9257E0DE20024A7C5 /* ReportData.swift in Sources */ = {isa = PBXBuildFile; fileRef = A40EF1E8257E0DE20024A7C5 /* ReportData.swift */; };
		A41AA30F269D32990007595B /* AddTask.storyboard in Resources */ = {isa = PBXBuildFile; fileRef = A41AA30E269D32990007595B /* AddTask.storyboard */; };
		A41AA314269D75860007595B /* AddTaskView.xib in Resources */ = {isa = PBXBuildFile; fileRef = A41AA313269D75860007595B /* AddTaskView.xib */; };
		A41AA319269D75B20007595B /* AddTaskViewController.swift in Sources */ = {isa = PBXBuildFile; fileRef = A41AA318269D75B20007595B /* AddTaskViewController.swift */; };
		A41AA31E269D8CF60007595B /* AddTaskView.swift in Sources */ = {isa = PBXBuildFile; fileRef = A41AA31D269D8CF60007595B /* AddTaskView.swift */; };
		A41DE2902760BEA400E8D18B /* ReportStudyTableViewCell.swift in Sources */ = {isa = PBXBuildFile; fileRef = A41DE28F2760BEA400E8D18B /* ReportStudyTableViewCell.swift */; };
		A41DE2922760C5B100E8D18B /* UITableView+.swift in Sources */ = {isa = PBXBuildFile; fileRef = A41DE2912760C5B100E8D18B /* UITableView+.swift */; };
		A41DE2942760C5E000E8D18B /* NSObject+.swift in Sources */ = {isa = PBXBuildFile; fileRef = A41DE2932760C5E000E8D18B /* NSObject+.swift */; };
		A422B49B26985D10002429D8 /* Task.storyboard in Resources */ = {isa = PBXBuildFile; fileRef = A422B49A26985D10002429D8 /* Task.storyboard */; };
		A422B4A026985DF4002429D8 /* TaskViewController.swift in Sources */ = {isa = PBXBuildFile; fileRef = A422B49F26985DF4002429D8 /* TaskViewController.swift */; };
		A426AA4225676BDD00A40A53 /* TabBarController.swift in Sources */ = {isa = PBXBuildFile; fileRef = A426AA4125676BDD00A40A53 /* TabBarController.swift */; };
		A430D9A12575DE3F00B4A987 /* ReportViewController.swift in Sources */ = {isa = PBXBuildFile; fileRef = A430D9A02575DE3F00B4A987 /* ReportViewController.swift */; };
		A441ECE725666EF100D28158 /* HomeViewController.swift in Sources */ = {isa = PBXBuildFile; fileRef = A441ECE625666EF100D28158 /* HomeViewController.swift */; };
		A441ECEC25666F7400D28158 /* PostViewController.swift in Sources */ = {isa = PBXBuildFile; fileRef = A441ECEB25666F7400D28158 /* PostViewController.swift */; };
		A47F7B3E26F6446E007E0541 /* RatingStarView.swift in Sources */ = {isa = PBXBuildFile; fileRef = A47F7B3D26F6446E007E0541 /* RatingStarView.swift */; };
		A481492C25B6C09400360E20 /* LaunchScreen.storyboard in Resources */ = {isa = PBXBuildFile; fileRef = A40C8AA025663E3A0088A1D6 /* LaunchScreen.storyboard */; };
		A48AC86126A9648800668C00 /* TaskTableViewCell.swift in Sources */ = {isa = PBXBuildFile; fileRef = A48AC85F26A9648800668C00 /* TaskTableViewCell.swift */; };
		A48AC86226A9648800668C00 /* TaskTableViewCell.xib in Resources */ = {isa = PBXBuildFile; fileRef = A48AC86026A9648800668C00 /* TaskTableViewCell.xib */; };
		A48AC86A26A96AEC00668C00 /* TaskData.swift in Sources */ = {isa = PBXBuildFile; fileRef = A48AC86926A96AEC00668C00 /* TaskData.swift */; };
		A490F7232748D801003497EB /* NoPaddingTextView.swift in Sources */ = {isa = PBXBuildFile; fileRef = A490F7222748D801003497EB /* NoPaddingTextView.swift */; };
		A490F7252748D839003497EB /* PlaceholderNoPaddingTextView.swift in Sources */ = {isa = PBXBuildFile; fileRef = A490F7242748D839003497EB /* PlaceholderNoPaddingTextView.swift */; };
		A490F727274CD3B9003497EB /* UITextView+ Utility.swift in Sources */ = {isa = PBXBuildFile; fileRef = A490F726274CD3B8003497EB /* UITextView+ Utility.swift */; };
		A490F72B2757873C003497EB /* ReportStudyViewController.swift in Sources */ = {isa = PBXBuildFile; fileRef = A490F72A2757873C003497EB /* ReportStudyViewController.swift */; };
		A490F72D2757876F003497EB /* ReportStudy.storyboard in Resources */ = {isa = PBXBuildFile; fileRef = A490F72C2757876F003497EB /* ReportStudy.storyboard */; };
		A498A7E826521E9C00D1B46F /* Post.storyboard in Resources */ = {isa = PBXBuildFile; fileRef = A498A7E726521E9C00D1B46F /* Post.storyboard */; };
		A498A7ED26521FC900D1B46F /* Report.storyboard in Resources */ = {isa = PBXBuildFile; fileRef = A498A7EC26521FC900D1B46F /* Report.storyboard */; };
		A498A7F226521FD300D1B46F /* Home.storyboard in Resources */ = {isa = PBXBuildFile; fileRef = A498A7F126521FD300D1B46F /* Home.storyboard */; };
		A49B1E9C26721F7000D7340F /* MyNavigationController.swift in Sources */ = {isa = PBXBuildFile; fileRef = A49B1E9B26721F7000D7340F /* MyNavigationController.swift */; };
		A4AADAEF25D660F000860F4A /* アプリアイコン.png in Resources */ = {isa = PBXBuildFile; fileRef = A4AADAEE25D660F000860F4A /* アプリアイコン.png */; };
		A4B3688E271162790000B44C /* Colors.swift in Sources */ = {isa = PBXBuildFile; fileRef = A4B3688D271162790000B44C /* Colors.swift */; };
		A4B368902711636A0000B44C /* Colors + Utility.swift in Sources */ = {isa = PBXBuildFile; fileRef = A4B3688F2711636A0000B44C /* Colors + Utility.swift */; };
		A4B36893271179650000B44C /* Colors.xcassets in Resources */ = {isa = PBXBuildFile; fileRef = A4B36892271179650000B44C /* Colors.xcassets */; };
		A4B3689527117ADC0000B44C /* Colors+.swift in Sources */ = {isa = PBXBuildFile; fileRef = A4B3689427117ADC0000B44C /* Colors+.swift */; };
		A4CD118F25806BC700067320 /* GoogleService-Info.plist in Resources */ = {isa = PBXBuildFile; fileRef = A4CD116C2580693900067320 /* GoogleService-Info.plist */; };
		A4CD119D25807F4E00067320 /* Tabbar.storyboard in Resources */ = {isa = PBXBuildFile; fileRef = A40C8A9B25663E390088A1D6 /* Tabbar.storyboard */; };
		A4D8D5A625B41CD30034BA53 /* Assets.xcassets in Resources */ = {isa = PBXBuildFile; fileRef = A40C8A9E25663E3A0088A1D6 /* Assets.xcassets */; };
		A4FC9A882580A886005CAE32 /* PostTableViewCell.swift in Sources */ = {isa = PBXBuildFile; fileRef = A4FC9A862580A886005CAE32 /* PostTableViewCell.swift */; };
		A4FC9A892580A886005CAE32 /* PostTableViewCell.xib in Resources */ = {isa = PBXBuildFile; fileRef = A4FC9A872580A886005CAE32 /* PostTableViewCell.xib */; };
/* End PBXBuildFile section */

/* Begin PBXContainerItemProxy section */
		A40C8AA925663E3A0088A1D6 /* PBXContainerItemProxy */ = {
			isa = PBXContainerItemProxy;
			containerPortal = A40C8A8A25663E390088A1D6 /* Project object */;
			proxyType = 1;
			remoteGlobalIDString = A40C8A9125663E390088A1D6;
			remoteInfo = EngineerApp;
		};
		A40C8AB425663E3A0088A1D6 /* PBXContainerItemProxy */ = {
			isa = PBXContainerItemProxy;
			containerPortal = A40C8A8A25663E390088A1D6 /* Project object */;
			proxyType = 1;
			remoteGlobalIDString = A40C8A9125663E390088A1D6;
			remoteInfo = EngineerApp;
		};
/* End PBXContainerItemProxy section */

/* Begin PBXFileReference section */
		367DB3B483F8FECAEEDE38B8 /* Pods-EngineerApp.debug.xcconfig */ = {isa = PBXFileReference; includeInIndex = 1; lastKnownFileType = text.xcconfig; name = "Pods-EngineerApp.debug.xcconfig"; path = "Target Support Files/Pods-EngineerApp/Pods-EngineerApp.debug.xcconfig"; sourceTree = "<group>"; };
		400643EEF090AFE2582BDF46 /* Pods-EngineerApp.release.xcconfig */ = {isa = PBXFileReference; includeInIndex = 1; lastKnownFileType = text.xcconfig; name = "Pods-EngineerApp.release.xcconfig"; path = "Target Support Files/Pods-EngineerApp/Pods-EngineerApp.release.xcconfig"; sourceTree = "<group>"; };
		A40C8A9225663E390088A1D6 /* EngineerApp.app */ = {isa = PBXFileReference; explicitFileType = wrapper.application; includeInIndex = 0; path = EngineerApp.app; sourceTree = BUILT_PRODUCTS_DIR; };
		A40C8A9525663E390088A1D6 /* AppDelegate.swift */ = {isa = PBXFileReference; lastKnownFileType = sourcecode.swift; path = AppDelegate.swift; sourceTree = "<group>"; };
		A40C8A9725663E390088A1D6 /* SceneDelegate.swift */ = {isa = PBXFileReference; lastKnownFileType = sourcecode.swift; path = SceneDelegate.swift; sourceTree = "<group>"; };
		A40C8A9C25663E390088A1D6 /* Base */ = {isa = PBXFileReference; lastKnownFileType = file.storyboard; name = Base; path = Base.lproj/Tabbar.storyboard; sourceTree = "<group>"; };
		A40C8A9E25663E3A0088A1D6 /* Assets.xcassets */ = {isa = PBXFileReference; lastKnownFileType = folder.assetcatalog; path = Assets.xcassets; sourceTree = "<group>"; };
		A40C8AA125663E3A0088A1D6 /* Base */ = {isa = PBXFileReference; lastKnownFileType = file.storyboard; name = Base; path = Base.lproj/LaunchScreen.storyboard; sourceTree = "<group>"; };
		A40C8AA325663E3A0088A1D6 /* Info.plist */ = {isa = PBXFileReference; lastKnownFileType = text.plist.xml; path = Info.plist; sourceTree = "<group>"; };
		A40C8AA825663E3A0088A1D6 /* EngineerAppTests.xctest */ = {isa = PBXFileReference; explicitFileType = wrapper.cfbundle; includeInIndex = 0; path = EngineerAppTests.xctest; sourceTree = BUILT_PRODUCTS_DIR; };
		A40C8AAC25663E3A0088A1D6 /* EngineerAppTests.swift */ = {isa = PBXFileReference; lastKnownFileType = sourcecode.swift; path = EngineerAppTests.swift; sourceTree = "<group>"; };
		A40C8AAE25663E3A0088A1D6 /* Info.plist */ = {isa = PBXFileReference; lastKnownFileType = text.plist.xml; path = Info.plist; sourceTree = "<group>"; };
		A40C8AB325663E3A0088A1D6 /* EngineerAppUITests.xctest */ = {isa = PBXFileReference; explicitFileType = wrapper.cfbundle; includeInIndex = 0; path = EngineerAppUITests.xctest; sourceTree = BUILT_PRODUCTS_DIR; };
		A40C8AB725663E3A0088A1D6 /* EngineerAppUITests.swift */ = {isa = PBXFileReference; lastKnownFileType = sourcecode.swift; path = EngineerAppUITests.swift; sourceTree = "<group>"; };
		A40C8AB925663E3A0088A1D6 /* Info.plist */ = {isa = PBXFileReference; lastKnownFileType = text.plist.xml; path = Info.plist; sourceTree = "<group>"; };
		A40EF1E8257E0DE20024A7C5 /* ReportData.swift */ = {isa = PBXFileReference; lastKnownFileType = sourcecode.swift; path = ReportData.swift; sourceTree = "<group>"; };
		A41AA30E269D32990007595B /* AddTask.storyboard */ = {isa = PBXFileReference; lastKnownFileType = file.storyboard; path = AddTask.storyboard; sourceTree = "<group>"; };
		A41AA313269D75860007595B /* AddTaskView.xib */ = {isa = PBXFileReference; lastKnownFileType = file.xib; path = AddTaskView.xib; sourceTree = "<group>"; };
		A41AA318269D75B20007595B /* AddTaskViewController.swift */ = {isa = PBXFileReference; lastKnownFileType = sourcecode.swift; path = AddTaskViewController.swift; sourceTree = "<group>"; };
		A41AA31D269D8CF60007595B /* AddTaskView.swift */ = {isa = PBXFileReference; lastKnownFileType = sourcecode.swift; path = AddTaskView.swift; sourceTree = "<group>"; };
		A41DE28F2760BEA400E8D18B /* ReportStudyTableViewCell.swift */ = {isa = PBXFileReference; lastKnownFileType = sourcecode.swift; path = ReportStudyTableViewCell.swift; sourceTree = "<group>"; };
		A41DE2912760C5B100E8D18B /* UITableView+.swift */ = {isa = PBXFileReference; lastKnownFileType = sourcecode.swift; path = "UITableView+.swift"; sourceTree = "<group>"; };
		A41DE2932760C5E000E8D18B /* NSObject+.swift */ = {isa = PBXFileReference; lastKnownFileType = sourcecode.swift; path = "NSObject+.swift"; sourceTree = "<group>"; };
		A41F87DF25C96886003D3D54 /* EngineerApp.entitlements */ = {isa = PBXFileReference; lastKnownFileType = text.plist.entitlements; path = EngineerApp.entitlements; sourceTree = "<group>"; };
		A422B49A26985D10002429D8 /* Task.storyboard */ = {isa = PBXFileReference; lastKnownFileType = file.storyboard; path = Task.storyboard; sourceTree = "<group>"; };
		A422B49F26985DF4002429D8 /* TaskViewController.swift */ = {isa = PBXFileReference; lastKnownFileType = sourcecode.swift; path = TaskViewController.swift; sourceTree = "<group>"; };
		A426AA4125676BDD00A40A53 /* TabBarController.swift */ = {isa = PBXFileReference; lastKnownFileType = sourcecode.swift; path = TabBarController.swift; sourceTree = "<group>"; };
		A430D9A02575DE3F00B4A987 /* ReportViewController.swift */ = {isa = PBXFileReference; lastKnownFileType = sourcecode.swift; path = ReportViewController.swift; sourceTree = "<group>"; };
		A441ECE625666EF100D28158 /* HomeViewController.swift */ = {isa = PBXFileReference; lastKnownFileType = sourcecode.swift; path = HomeViewController.swift; sourceTree = "<group>"; };
		A441ECEB25666F7400D28158 /* PostViewController.swift */ = {isa = PBXFileReference; lastKnownFileType = sourcecode.swift; path = PostViewController.swift; sourceTree = "<group>"; };
		A47F7B3D26F6446E007E0541 /* RatingStarView.swift */ = {isa = PBXFileReference; lastKnownFileType = sourcecode.swift; path = RatingStarView.swift; sourceTree = "<group>"; };
		A48AC85F26A9648800668C00 /* TaskTableViewCell.swift */ = {isa = PBXFileReference; lastKnownFileType = sourcecode.swift; path = TaskTableViewCell.swift; sourceTree = "<group>"; };
		A48AC86026A9648800668C00 /* TaskTableViewCell.xib */ = {isa = PBXFileReference; lastKnownFileType = file.xib; path = TaskTableViewCell.xib; sourceTree = "<group>"; };
		A48AC86926A96AEC00668C00 /* TaskData.swift */ = {isa = PBXFileReference; lastKnownFileType = sourcecode.swift; path = TaskData.swift; sourceTree = "<group>"; };
		A490F7222748D801003497EB /* NoPaddingTextView.swift */ = {isa = PBXFileReference; lastKnownFileType = sourcecode.swift; path = NoPaddingTextView.swift; sourceTree = "<group>"; };
		A490F7242748D839003497EB /* PlaceholderNoPaddingTextView.swift */ = {isa = PBXFileReference; lastKnownFileType = sourcecode.swift; path = PlaceholderNoPaddingTextView.swift; sourceTree = "<group>"; };
		A490F726274CD3B8003497EB /* UITextView+ Utility.swift */ = {isa = PBXFileReference; lastKnownFileType = sourcecode.swift; path = "UITextView+ Utility.swift"; sourceTree = "<group>"; };
		A490F72A2757873C003497EB /* ReportStudyViewController.swift */ = {isa = PBXFileReference; lastKnownFileType = sourcecode.swift; path = ReportStudyViewController.swift; sourceTree = "<group>"; };
		A490F72C2757876F003497EB /* ReportStudy.storyboard */ = {isa = PBXFileReference; lastKnownFileType = file.storyboard; path = ReportStudy.storyboard; sourceTree = "<group>"; };
		A498A7E726521E9C00D1B46F /* Post.storyboard */ = {isa = PBXFileReference; fileEncoding = 4; lastKnownFileType = file.storyboard; path = Post.storyboard; sourceTree = "<group>"; };
		A498A7EC26521FC900D1B46F /* Report.storyboard */ = {isa = PBXFileReference; fileEncoding = 4; lastKnownFileType = file.storyboard; path = Report.storyboard; sourceTree = "<group>"; };
		A498A7F126521FD300D1B46F /* Home.storyboard */ = {isa = PBXFileReference; fileEncoding = 4; lastKnownFileType = file.storyboard; path = Home.storyboard; sourceTree = "<group>"; };
		A49B1E9B26721F7000D7340F /* MyNavigationController.swift */ = {isa = PBXFileReference; lastKnownFileType = sourcecode.swift; path = MyNavigationController.swift; sourceTree = "<group>"; };
		A4AADAEE25D660F000860F4A /* アプリアイコン.png */ = {isa = PBXFileReference; lastKnownFileType = image.png; path = "アプリアイコン.png"; sourceTree = "<group>"; };
		A4B3688D271162790000B44C /* Colors.swift */ = {isa = PBXFileReference; lastKnownFileType = sourcecode.swift; path = Colors.swift; sourceTree = "<group>"; };
		A4B3688F2711636A0000B44C /* Colors + Utility.swift */ = {isa = PBXFileReference; lastKnownFileType = sourcecode.swift; path = "Colors + Utility.swift"; sourceTree = "<group>"; };
		A4B36892271179650000B44C /* Colors.xcassets */ = {isa = PBXFileReference; lastKnownFileType = folder.assetcatalog; path = Colors.xcassets; sourceTree = "<group>"; };
		A4B3689427117ADC0000B44C /* Colors+.swift */ = {isa = PBXFileReference; lastKnownFileType = sourcecode.swift; path = "Colors+.swift"; sourceTree = "<group>"; };
		A4CD116C2580693900067320 /* GoogleService-Info.plist */ = {isa = PBXFileReference; fileEncoding = 4; lastKnownFileType = text.plist.xml; path = "GoogleService-Info.plist"; sourceTree = "<group>"; };
		A4FC9A862580A886005CAE32 /* PostTableViewCell.swift */ = {isa = PBXFileReference; lastKnownFileType = sourcecode.swift; path = PostTableViewCell.swift; sourceTree = "<group>"; };
		A4FC9A872580A886005CAE32 /* PostTableViewCell.xib */ = {isa = PBXFileReference; lastKnownFileType = file.xib; path = PostTableViewCell.xib; sourceTree = "<group>"; };
		DB2AC9D9DEEBE24529499A5D /* Pods_EngineerApp.framework */ = {isa = PBXFileReference; explicitFileType = wrapper.framework; includeInIndex = 0; path = Pods_EngineerApp.framework; sourceTree = BUILT_PRODUCTS_DIR; };
/* End PBXFileReference section */

/* Begin PBXFrameworksBuildPhase section */
		A40C8A8F25663E390088A1D6 /* Frameworks */ = {
			isa = PBXFrameworksBuildPhase;
			buildActionMask = 2147483647;
			files = (
				A0870ACA634A294CF27645BC /* Pods_EngineerApp.framework in Frameworks */,
			);
			runOnlyForDeploymentPostprocessing = 0;
		};
		A40C8AA525663E3A0088A1D6 /* Frameworks */ = {
			isa = PBXFrameworksBuildPhase;
			buildActionMask = 2147483647;
			files = (
			);
			runOnlyForDeploymentPostprocessing = 0;
		};
		A40C8AB025663E3A0088A1D6 /* Frameworks */ = {
			isa = PBXFrameworksBuildPhase;
			buildActionMask = 2147483647;
			files = (
			);
			runOnlyForDeploymentPostprocessing = 0;
		};
/* End PBXFrameworksBuildPhase section */

/* Begin PBXGroup section */
		5645A9BF33D3A953FB46BCE0 /* Pods */ = {
			isa = PBXGroup;
			children = (
				367DB3B483F8FECAEEDE38B8 /* Pods-EngineerApp.debug.xcconfig */,
				400643EEF090AFE2582BDF46 /* Pods-EngineerApp.release.xcconfig */,
			);
			path = Pods;
			sourceTree = "<group>";
		};
		A40C8A8925663E390088A1D6 = {
			isa = PBXGroup;
			children = (
				A40C8A9425663E390088A1D6 /* EngineerApp */,
				A40C8AAB25663E3A0088A1D6 /* EngineerAppTests */,
				A40C8AB625663E3A0088A1D6 /* EngineerAppUITests */,
				A40C8A9325663E390088A1D6 /* Products */,
				5645A9BF33D3A953FB46BCE0 /* Pods */,
				B4A36FA8013CD088B998600F /* Frameworks */,
			);
			sourceTree = "<group>";
		};
		A40C8A9325663E390088A1D6 /* Products */ = {
			isa = PBXGroup;
			children = (
				A40C8A9225663E390088A1D6 /* EngineerApp.app */,
				A40C8AA825663E3A0088A1D6 /* EngineerAppTests.xctest */,
				A40C8AB325663E3A0088A1D6 /* EngineerAppUITests.xctest */,
			);
			name = Products;
			sourceTree = "<group>";
		};
		A40C8A9425663E390088A1D6 /* EngineerApp */ = {
			isa = PBXGroup;
			children = (
				A41F87DF25C96886003D3D54 /* EngineerApp.entitlements */,
				A41F69C5264CE766003B48C0 /* Models */,
				A4EA1A292741E148001F953C /* Views */,
				A41F69C4264CE739003B48C0 /* Controllers */,
				A490F72E2759EE54003497EB /* ReportStudy */,
				A47F7B3B26F6411D007E0541 /* Extensions */,
				A45EF8872652351300DAD5BA /* Storyboards */,
				A45EF8CD26526E2E00DAD5BA /* Xibs */,
				A47F7B3C26F64421007E0541 /* Designs */,
				A40C8AA025663E3A0088A1D6 /* LaunchScreen.storyboard */,
				A4CD116C2580693900067320 /* GoogleService-Info.plist */,
				A40C8A9525663E390088A1D6 /* AppDelegate.swift */,
				A40C8A9725663E390088A1D6 /* SceneDelegate.swift */,
				A40C8AA325663E3A0088A1D6 /* Info.plist */,
			);
			path = EngineerApp;
			sourceTree = "<group>";
		};
		A40C8AAB25663E3A0088A1D6 /* EngineerAppTests */ = {
			isa = PBXGroup;
			children = (
				A40C8AAC25663E3A0088A1D6 /* EngineerAppTests.swift */,
				A40C8AAE25663E3A0088A1D6 /* Info.plist */,
			);
			path = EngineerAppTests;
			sourceTree = "<group>";
		};
		A40C8AB625663E3A0088A1D6 /* EngineerAppUITests */ = {
			isa = PBXGroup;
			children = (
				A40C8AB725663E3A0088A1D6 /* EngineerAppUITests.swift */,
				A40C8AB925663E3A0088A1D6 /* Info.plist */,
			);
			path = EngineerAppUITests;
			sourceTree = "<group>";
		};
		A41F69C4264CE739003B48C0 /* Controllers */ = {
			isa = PBXGroup;
			children = (
				A441ECE625666EF100D28158 /* HomeViewController.swift */,
				A441ECEB25666F7400D28158 /* PostViewController.swift */,
				A430D9A02575DE3F00B4A987 /* ReportViewController.swift */,
				A422B49F26985DF4002429D8 /* TaskViewController.swift */,
				A41AA318269D75B20007595B /* AddTaskViewController.swift */,
			);
			path = Controllers;
			sourceTree = "<group>";
		};
		A41F69C5264CE766003B48C0 /* Models */ = {
			isa = PBXGroup;
			children = (
				A40EF1E8257E0DE20024A7C5 /* ReportData.swift */,
				A48AC86926A96AEC00668C00 /* TaskData.swift */,
			);
			path = Models;
			sourceTree = "<group>";
		};
		A45EF8872652351300DAD5BA /* Storyboards */ = {
			isa = PBXGroup;
			children = (
				A498A7EC26521FC900D1B46F /* Report.storyboard */,
				A498A7E726521E9C00D1B46F /* Post.storyboard */,
				A498A7F126521FD300D1B46F /* Home.storyboard */,
				A41AA30E269D32990007595B /* AddTask.storyboard */,
				A422B49A26985D10002429D8 /* Task.storyboard */,
				A40C8A9B25663E390088A1D6 /* Tabbar.storyboard */,
			);
			path = Storyboards;
			sourceTree = "<group>";
		};
		A45EF8CD26526E2E00DAD5BA /* Xibs */ = {
			isa = PBXGroup;
			children = (
				A4FC9A872580A886005CAE32 /* PostTableViewCell.xib */,
				A4FC9A862580A886005CAE32 /* PostTableViewCell.swift */,
				A41AA313269D75860007595B /* AddTaskView.xib */,
				A41AA31D269D8CF60007595B /* AddTaskView.swift */,
				A48AC86026A9648800668C00 /* TaskTableViewCell.xib */,
				A48AC85F26A9648800668C00 /* TaskTableViewCell.swift */,
			);
			path = Xibs;
			sourceTree = "<group>";
		};
		A47F7B3B26F6411D007E0541 /* Extensions */ = {
			isa = PBXGroup;
			children = (
				A4B3688F2711636A0000B44C /* Colors + Utility.swift */,
				A4B3689427117ADC0000B44C /* Colors+.swift */,
				A490F726274CD3B8003497EB /* UITextView+ Utility.swift */,
				A41DE2912760C5B100E8D18B /* UITableView+.swift */,
				A41DE2932760C5E000E8D18B /* NSObject+.swift */,
			);
			path = Extensions;
			sourceTree = "<group>";
		};
		A47F7B3C26F64421007E0541 /* Designs */ = {
			isa = PBXGroup;
			children = (
				A4AADAEE25D660F000860F4A /* アプリアイコン.png */,
				A49B1E9B26721F7000D7340F /* MyNavigationController.swift */,
				A426AA4125676BDD00A40A53 /* TabBarController.swift */,
				A4B3688D271162790000B44C /* Colors.swift */,
				A4B36892271179650000B44C /* Colors.xcassets */,
				A40C8A9E25663E3A0088A1D6 /* Assets.xcassets */,
			);
			path = Designs;
			sourceTree = "<group>";
		};
		A490F72E2759EE54003497EB /* ReportStudy */ = {
			isa = PBXGroup;
			children = (
				A490F72C2757876F003497EB /* ReportStudy.storyboard */,
				A490F72A2757873C003497EB /* ReportStudyViewController.swift */,
				A41DE28F2760BEA400E8D18B /* ReportStudyTableViewCell.swift */,
			);
			path = ReportStudy;
			sourceTree = "<group>";
		};
		A4EA1A292741E148001F953C /* Views */ = {
			isa = PBXGroup;
			children = (
				A47F7B3D26F6446E007E0541 /* RatingStarView.swift */,
				A490F7222748D801003497EB /* NoPaddingTextView.swift */,
				A490F7242748D839003497EB /* PlaceholderNoPaddingTextView.swift */,
			);
			path = Views;
			sourceTree = "<group>";
		};
		B4A36FA8013CD088B998600F /* Frameworks */ = {
			isa = PBXGroup;
			children = (
				DB2AC9D9DEEBE24529499A5D /* Pods_EngineerApp.framework */,
			);
			name = Frameworks;
			sourceTree = "<group>";
		};
/* End PBXGroup section */

/* Begin PBXNativeTarget section */
		A40C8A9125663E390088A1D6 /* EngineerApp */ = {
			isa = PBXNativeTarget;
			buildConfigurationList = A40C8ABC25663E3A0088A1D6 /* Build configuration list for PBXNativeTarget "EngineerApp" */;
			buildPhases = (
				AE257DA8F26887894D306EE1 /* [CP] Check Pods Manifest.lock */,
				A40C8A8E25663E390088A1D6 /* Sources */,
				A40C8A8F25663E390088A1D6 /* Frameworks */,
				779853658596F3993B05A424 /* [CP] Embed Pods Frameworks */,
				A4CD118E25806BBF00067320 /* Resources */,
			);
			buildRules = (
			);
			dependencies = (
			);
			name = EngineerApp;
			productName = EngineerApp;
			productReference = A40C8A9225663E390088A1D6 /* EngineerApp.app */;
			productType = "com.apple.product-type.application";
		};
		A40C8AA725663E3A0088A1D6 /* EngineerAppTests */ = {
			isa = PBXNativeTarget;
			buildConfigurationList = A40C8ABF25663E3A0088A1D6 /* Build configuration list for PBXNativeTarget "EngineerAppTests" */;
			buildPhases = (
				A40C8AA425663E3A0088A1D6 /* Sources */,
				A40C8AA525663E3A0088A1D6 /* Frameworks */,
				A40C8AA625663E3A0088A1D6 /* Resources */,
			);
			buildRules = (
			);
			dependencies = (
				A40C8AAA25663E3A0088A1D6 /* PBXTargetDependency */,
			);
			name = EngineerAppTests;
			productName = EngineerAppTests;
			productReference = A40C8AA825663E3A0088A1D6 /* EngineerAppTests.xctest */;
			productType = "com.apple.product-type.bundle.unit-test";
		};
		A40C8AB225663E3A0088A1D6 /* EngineerAppUITests */ = {
			isa = PBXNativeTarget;
			buildConfigurationList = A40C8AC225663E3A0088A1D6 /* Build configuration list for PBXNativeTarget "EngineerAppUITests" */;
			buildPhases = (
				A40C8AAF25663E3A0088A1D6 /* Sources */,
				A40C8AB025663E3A0088A1D6 /* Frameworks */,
				A40C8AB125663E3A0088A1D6 /* Resources */,
			);
			buildRules = (
			);
			dependencies = (
				A40C8AB525663E3A0088A1D6 /* PBXTargetDependency */,
			);
			name = EngineerAppUITests;
			productName = EngineerAppUITests;
			productReference = A40C8AB325663E3A0088A1D6 /* EngineerAppUITests.xctest */;
			productType = "com.apple.product-type.bundle.ui-testing";
		};
/* End PBXNativeTarget section */

/* Begin PBXProject section */
		A40C8A8A25663E390088A1D6 /* Project object */ = {
			isa = PBXProject;
			attributes = {
				LastSwiftUpdateCheck = 1210;
				LastUpgradeCheck = 1210;
				TargetAttributes = {
					A40C8A9125663E390088A1D6 = {
						CreatedOnToolsVersion = 12.1;
					};
					A40C8AA725663E3A0088A1D6 = {
						CreatedOnToolsVersion = 12.1;
						TestTargetID = A40C8A9125663E390088A1D6;
					};
					A40C8AB225663E3A0088A1D6 = {
						CreatedOnToolsVersion = 12.1;
						TestTargetID = A40C8A9125663E390088A1D6;
					};
				};
			};
			buildConfigurationList = A40C8A8D25663E390088A1D6 /* Build configuration list for PBXProject "EngineerApp" */;
			compatibilityVersion = "Xcode 9.3";
			developmentRegion = en;
			hasScannedForEncodings = 0;
			knownRegions = (
				en,
				Base,
			);
			mainGroup = A40C8A8925663E390088A1D6;
			productRefGroup = A40C8A9325663E390088A1D6 /* Products */;
			projectDirPath = "";
			projectRoot = "";
			targets = (
				A40C8A9125663E390088A1D6 /* EngineerApp */,
				A40C8AA725663E3A0088A1D6 /* EngineerAppTests */,
				A40C8AB225663E3A0088A1D6 /* EngineerAppUITests */,
			);
		};
/* End PBXProject section */

/* Begin PBXResourcesBuildPhase section */
		A40C8AA625663E3A0088A1D6 /* Resources */ = {
			isa = PBXResourcesBuildPhase;
			buildActionMask = 2147483647;
			files = (
			);
			runOnlyForDeploymentPostprocessing = 0;
		};
		A40C8AB125663E3A0088A1D6 /* Resources */ = {
			isa = PBXResourcesBuildPhase;
			buildActionMask = 2147483647;
			files = (
			);
			runOnlyForDeploymentPostprocessing = 0;
		};
		A4CD118E25806BBF00067320 /* Resources */ = {
			isa = PBXResourcesBuildPhase;
			buildActionMask = 2147483647;
			files = (
				A4FC9A892580A886005CAE32 /* PostTableViewCell.xib in Resources */,
				A4CD118F25806BC700067320 /* GoogleService-Info.plist in Resources */,
				A4D8D5A625B41CD30034BA53 /* Assets.xcassets in Resources */,
				A422B49B26985D10002429D8 /* Task.storyboard in Resources */,
				A498A7F226521FD300D1B46F /* Home.storyboard in Resources */,
				A481492C25B6C09400360E20 /* LaunchScreen.storyboard in Resources */,
				A498A7ED26521FC900D1B46F /* Report.storyboard in Resources */,
				A4AADAEF25D660F000860F4A /* アプリアイコン.png in Resources */,
				A498A7E826521E9C00D1B46F /* Post.storyboard in Resources */,
				A4CD119D25807F4E00067320 /* Tabbar.storyboard in Resources */,
				A48AC86226A9648800668C00 /* TaskTableViewCell.xib in Resources */,
				A41AA30F269D32990007595B /* AddTask.storyboard in Resources */,
				A41AA314269D75860007595B /* AddTaskView.xib in Resources */,
				A490F72D2757876F003497EB /* ReportStudy.storyboard in Resources */,
				A4B36893271179650000B44C /* Colors.xcassets in Resources */,
			);
			runOnlyForDeploymentPostprocessing = 0;
		};
/* End PBXResourcesBuildPhase section */

/* Begin PBXShellScriptBuildPhase section */
		779853658596F3993B05A424 /* [CP] Embed Pods Frameworks */ = {
			isa = PBXShellScriptBuildPhase;
			buildActionMask = 2147483647;
			files = (
			);
			inputFileListPaths = (
				"${PODS_ROOT}/Target Support Files/Pods-EngineerApp/Pods-EngineerApp-frameworks-${CONFIGURATION}-input-files.xcfilelist",
			);
			name = "[CP] Embed Pods Frameworks";
			outputFileListPaths = (
				"${PODS_ROOT}/Target Support Files/Pods-EngineerApp/Pods-EngineerApp-frameworks-${CONFIGURATION}-output-files.xcfilelist",
			);
			runOnlyForDeploymentPostprocessing = 0;
			shellPath = /bin/sh;
			shellScript = "\"${PODS_ROOT}/Target Support Files/Pods-EngineerApp/Pods-EngineerApp-frameworks.sh\"\n";
			showEnvVarsInLog = 0;
		};
		AE257DA8F26887894D306EE1 /* [CP] Check Pods Manifest.lock */ = {
			isa = PBXShellScriptBuildPhase;
			buildActionMask = 2147483647;
			files = (
			);
			inputFileListPaths = (
			);
			inputPaths = (
				"${PODS_PODFILE_DIR_PATH}/Podfile.lock",
				"${PODS_ROOT}/Manifest.lock",
			);
			name = "[CP] Check Pods Manifest.lock";
			outputFileListPaths = (
			);
			outputPaths = (
				"$(DERIVED_FILE_DIR)/Pods-EngineerApp-checkManifestLockResult.txt",
			);
			runOnlyForDeploymentPostprocessing = 0;
			shellPath = /bin/sh;
			shellScript = "diff \"${PODS_PODFILE_DIR_PATH}/Podfile.lock\" \"${PODS_ROOT}/Manifest.lock\" > /dev/null\nif [ $? != 0 ] ; then\n    # print error to STDERR\n    echo \"error: The sandbox is not in sync with the Podfile.lock. Run 'pod install' or update your CocoaPods installation.\" >&2\n    exit 1\nfi\n# This output is used by Xcode 'outputs' to avoid re-running this script phase.\necho \"SUCCESS\" > \"${SCRIPT_OUTPUT_FILE_0}\"\n";
			showEnvVarsInLog = 0;
		};
/* End PBXShellScriptBuildPhase section */

/* Begin PBXSourcesBuildPhase section */
		A40C8A8E25663E390088A1D6 /* Sources */ = {
			isa = PBXSourcesBuildPhase;
			buildActionMask = 2147483647;
			files = (
				A441ECEC25666F7400D28158 /* PostViewController.swift in Sources */,
				A41AA319269D75B20007595B /* AddTaskViewController.swift in Sources */,
				A48AC86126A9648800668C00 /* TaskTableViewCell.swift in Sources */,
				A441ECE725666EF100D28158 /* HomeViewController.swift in Sources */,
				A48AC86A26A96AEC00668C00 /* TaskData.swift in Sources */,
				A40C8A9625663E390088A1D6 /* AppDelegate.swift in Sources */,
				A49B1E9C26721F7000D7340F /* MyNavigationController.swift in Sources */,
				A430D9A12575DE3F00B4A987 /* ReportViewController.swift in Sources */,
				A426AA4225676BDD00A40A53 /* TabBarController.swift in Sources */,
				A41DE2922760C5B100E8D18B /* UITableView+.swift in Sources */,
				A41DE2942760C5E000E8D18B /* NSObject+.swift in Sources */,
				A4B3688E271162790000B44C /* Colors.swift in Sources */,
				A40C8A9825663E390088A1D6 /* SceneDelegate.swift in Sources */,
				A40EF1E9257E0DE20024A7C5 /* ReportData.swift in Sources */,
				A490F72B2757873C003497EB /* ReportStudyViewController.swift in Sources */,
				A4B368902711636A0000B44C /* Colors + Utility.swift in Sources */,
				A490F7232748D801003497EB /* NoPaddingTextView.swift in Sources */,
				A490F727274CD3B9003497EB /* UITextView+ Utility.swift in Sources */,
				A422B4A026985DF4002429D8 /* TaskViewController.swift in Sources */,
				A4FC9A882580A886005CAE32 /* PostTableViewCell.swift in Sources */,
				A490F7252748D839003497EB /* PlaceholderNoPaddingTextView.swift in Sources */,
				A41DE2902760BEA400E8D18B /* ReportStudyTableViewCell.swift in Sources */,
				A4B3689527117ADC0000B44C /* Colors+.swift in Sources */,
				A47F7B3E26F6446E007E0541 /* RatingStarView.swift in Sources */,
				A41AA31E269D8CF60007595B /* AddTaskView.swift in Sources */,
			);
			runOnlyForDeploymentPostprocessing = 0;
		};
		A40C8AA425663E3A0088A1D6 /* Sources */ = {
			isa = PBXSourcesBuildPhase;
			buildActionMask = 2147483647;
			files = (
				A40C8AAD25663E3A0088A1D6 /* EngineerAppTests.swift in Sources */,
			);
			runOnlyForDeploymentPostprocessing = 0;
		};
		A40C8AAF25663E3A0088A1D6 /* Sources */ = {
			isa = PBXSourcesBuildPhase;
			buildActionMask = 2147483647;
			files = (
				A40C8AB825663E3A0088A1D6 /* EngineerAppUITests.swift in Sources */,
			);
			runOnlyForDeploymentPostprocessing = 0;
		};
/* End PBXSourcesBuildPhase section */

/* Begin PBXTargetDependency section */
		A40C8AAA25663E3A0088A1D6 /* PBXTargetDependency */ = {
			isa = PBXTargetDependency;
			target = A40C8A9125663E390088A1D6 /* EngineerApp */;
			targetProxy = A40C8AA925663E3A0088A1D6 /* PBXContainerItemProxy */;
		};
		A40C8AB525663E3A0088A1D6 /* PBXTargetDependency */ = {
			isa = PBXTargetDependency;
			target = A40C8A9125663E390088A1D6 /* EngineerApp */;
			targetProxy = A40C8AB425663E3A0088A1D6 /* PBXContainerItemProxy */;
		};
/* End PBXTargetDependency section */

/* Begin PBXVariantGroup section */
		A40C8A9B25663E390088A1D6 /* Tabbar.storyboard */ = {
			isa = PBXVariantGroup;
			children = (
				A40C8A9C25663E390088A1D6 /* Base */,
			);
			name = Tabbar.storyboard;
			sourceTree = "<group>";
		};
		A40C8AA025663E3A0088A1D6 /* LaunchScreen.storyboard */ = {
			isa = PBXVariantGroup;
			children = (
				A40C8AA125663E3A0088A1D6 /* Base */,
			);
			name = LaunchScreen.storyboard;
			sourceTree = "<group>";
		};
/* End PBXVariantGroup section */

/* Begin XCBuildConfiguration section */
		A40C8ABA25663E3A0088A1D6 /* Debug */ = {
			isa = XCBuildConfiguration;
			buildSettings = {
				ALWAYS_SEARCH_USER_PATHS = NO;
				CLANG_ANALYZER_NONNULL = YES;
				CLANG_ANALYZER_NUMBER_OBJECT_CONVERSION = YES_AGGRESSIVE;
				CLANG_CXX_LANGUAGE_STANDARD = "gnu++14";
				CLANG_CXX_LIBRARY = "libc++";
				CLANG_ENABLE_MODULES = YES;
				CLANG_ENABLE_OBJC_ARC = YES;
				CLANG_ENABLE_OBJC_WEAK = YES;
				CLANG_WARN_BLOCK_CAPTURE_AUTORELEASING = YES;
				CLANG_WARN_BOOL_CONVERSION = YES;
				CLANG_WARN_COMMA = YES;
				CLANG_WARN_CONSTANT_CONVERSION = YES;
				CLANG_WARN_DEPRECATED_OBJC_IMPLEMENTATIONS = YES;
				CLANG_WARN_DIRECT_OBJC_ISA_USAGE = YES_ERROR;
				CLANG_WARN_DOCUMENTATION_COMMENTS = YES;
				CLANG_WARN_EMPTY_BODY = YES;
				CLANG_WARN_ENUM_CONVERSION = YES;
				CLANG_WARN_INFINITE_RECURSION = YES;
				CLANG_WARN_INT_CONVERSION = YES;
				CLANG_WARN_NON_LITERAL_NULL_CONVERSION = YES;
				CLANG_WARN_OBJC_IMPLICIT_RETAIN_SELF = YES;
				CLANG_WARN_OBJC_LITERAL_CONVERSION = YES;
				CLANG_WARN_OBJC_ROOT_CLASS = YES_ERROR;
				CLANG_WARN_QUOTED_INCLUDE_IN_FRAMEWORK_HEADER = YES;
				CLANG_WARN_RANGE_LOOP_ANALYSIS = YES;
				CLANG_WARN_STRICT_PROTOTYPES = YES;
				CLANG_WARN_SUSPICIOUS_MOVE = YES;
				CLANG_WARN_UNGUARDED_AVAILABILITY = YES_AGGRESSIVE;
				CLANG_WARN_UNREACHABLE_CODE = YES;
				CLANG_WARN__DUPLICATE_METHOD_MATCH = YES;
				COPY_PHASE_STRIP = NO;
				DEBUG_INFORMATION_FORMAT = dwarf;
				ENABLE_STRICT_OBJC_MSGSEND = YES;
				ENABLE_TESTABILITY = YES;
				GCC_C_LANGUAGE_STANDARD = gnu11;
				GCC_DYNAMIC_NO_PIC = NO;
				GCC_NO_COMMON_BLOCKS = YES;
				GCC_OPTIMIZATION_LEVEL = 0;
				GCC_PREPROCESSOR_DEFINITIONS = (
					"DEBUG=1",
					"$(inherited)",
				);
				GCC_WARN_64_TO_32_BIT_CONVERSION = YES;
				GCC_WARN_ABOUT_RETURN_TYPE = YES_ERROR;
				GCC_WARN_UNDECLARED_SELECTOR = YES;
				GCC_WARN_UNINITIALIZED_AUTOS = YES_AGGRESSIVE;
				GCC_WARN_UNUSED_FUNCTION = YES;
				GCC_WARN_UNUSED_VARIABLE = YES;
				IPHONEOS_DEPLOYMENT_TARGET = 13.0;
				MTL_ENABLE_DEBUG_INFO = INCLUDE_SOURCE;
				MTL_FAST_MATH = YES;
				ONLY_ACTIVE_ARCH = YES;
				SDKROOT = iphoneos;
				SWIFT_ACTIVE_COMPILATION_CONDITIONS = DEBUG;
				SWIFT_OPTIMIZATION_LEVEL = "-Onone";
			};
			name = Debug;
		};
		A40C8ABB25663E3A0088A1D6 /* Release */ = {
			isa = XCBuildConfiguration;
			buildSettings = {
				ALWAYS_SEARCH_USER_PATHS = NO;
				CLANG_ANALYZER_NONNULL = YES;
				CLANG_ANALYZER_NUMBER_OBJECT_CONVERSION = YES_AGGRESSIVE;
				CLANG_CXX_LANGUAGE_STANDARD = "gnu++14";
				CLANG_CXX_LIBRARY = "libc++";
				CLANG_ENABLE_MODULES = YES;
				CLANG_ENABLE_OBJC_ARC = YES;
				CLANG_ENABLE_OBJC_WEAK = YES;
				CLANG_WARN_BLOCK_CAPTURE_AUTORELEASING = YES;
				CLANG_WARN_BOOL_CONVERSION = YES;
				CLANG_WARN_COMMA = YES;
				CLANG_WARN_CONSTANT_CONVERSION = YES;
				CLANG_WARN_DEPRECATED_OBJC_IMPLEMENTATIONS = YES;
				CLANG_WARN_DIRECT_OBJC_ISA_USAGE = YES_ERROR;
				CLANG_WARN_DOCUMENTATION_COMMENTS = YES;
				CLANG_WARN_EMPTY_BODY = YES;
				CLANG_WARN_ENUM_CONVERSION = YES;
				CLANG_WARN_INFINITE_RECURSION = YES;
				CLANG_WARN_INT_CONVERSION = YES;
				CLANG_WARN_NON_LITERAL_NULL_CONVERSION = YES;
				CLANG_WARN_OBJC_IMPLICIT_RETAIN_SELF = YES;
				CLANG_WARN_OBJC_LITERAL_CONVERSION = YES;
				CLANG_WARN_OBJC_ROOT_CLASS = YES_ERROR;
				CLANG_WARN_QUOTED_INCLUDE_IN_FRAMEWORK_HEADER = YES;
				CLANG_WARN_RANGE_LOOP_ANALYSIS = YES;
				CLANG_WARN_STRICT_PROTOTYPES = YES;
				CLANG_WARN_SUSPICIOUS_MOVE = YES;
				CLANG_WARN_UNGUARDED_AVAILABILITY = YES_AGGRESSIVE;
				CLANG_WARN_UNREACHABLE_CODE = YES;
				CLANG_WARN__DUPLICATE_METHOD_MATCH = YES;
				COPY_PHASE_STRIP = NO;
				DEBUG_INFORMATION_FORMAT = "dwarf-with-dsym";
				ENABLE_NS_ASSERTIONS = NO;
				ENABLE_STRICT_OBJC_MSGSEND = YES;
				GCC_C_LANGUAGE_STANDARD = gnu11;
				GCC_NO_COMMON_BLOCKS = YES;
				GCC_WARN_64_TO_32_BIT_CONVERSION = YES;
				GCC_WARN_ABOUT_RETURN_TYPE = YES_ERROR;
				GCC_WARN_UNDECLARED_SELECTOR = YES;
				GCC_WARN_UNINITIALIZED_AUTOS = YES_AGGRESSIVE;
				GCC_WARN_UNUSED_FUNCTION = YES;
				GCC_WARN_UNUSED_VARIABLE = YES;
				IPHONEOS_DEPLOYMENT_TARGET = 13.0;
				MTL_ENABLE_DEBUG_INFO = NO;
				MTL_FAST_MATH = YES;
				SDKROOT = iphoneos;
				SWIFT_COMPILATION_MODE = wholemodule;
				SWIFT_OPTIMIZATION_LEVEL = "-O";
				VALIDATE_PRODUCT = YES;
			};
			name = Release;
		};
		A40C8ABD25663E3A0088A1D6 /* Debug */ = {
			isa = XCBuildConfiguration;
			baseConfigurationReference = 367DB3B483F8FECAEEDE38B8 /* Pods-EngineerApp.debug.xcconfig */;
			buildSettings = {
				ASSETCATALOG_COMPILER_APPICON_NAME = AppIcon;
				ASSETCATALOG_COMPILER_GLOBAL_ACCENT_COLOR_NAME = AccentColor;
				CODE_SIGN_ENTITLEMENTS = EngineerApp/EngineerApp.entitlements;
				CODE_SIGN_STYLE = Automatic;
				DEVELOPMENT_TEAM = 8HSC6WJMH6;
				INFOPLIST_FILE = EngineerApp/Info.plist;
				IPHONEOS_DEPLOYMENT_TARGET = 13.5;
				LD_RUNPATH_SEARCH_PATHS = (
					"$(inherited)",
					"@executable_path/Frameworks",
				);
				MARKETING_VERSION = 1.05;
				NEW_SETTING = "";
				PRODUCT_BUNDLE_IDENTIFIER = jp.techacademy.kazuma.miura2.EngineerApp;
				PRODUCT_NAME = "$(TARGET_NAME)";
				SWIFT_VERSION = 5.0;
				TARGETED_DEVICE_FAMILY = 1;
			};
			name = Debug;
		};
		A40C8ABE25663E3A0088A1D6 /* Release */ = {
			isa = XCBuildConfiguration;
			baseConfigurationReference = 400643EEF090AFE2582BDF46 /* Pods-EngineerApp.release.xcconfig */;
			buildSettings = {
				ASSETCATALOG_COMPILER_APPICON_NAME = AppIcon;
				ASSETCATALOG_COMPILER_GLOBAL_ACCENT_COLOR_NAME = AccentColor;
				CODE_SIGN_ENTITLEMENTS = EngineerApp/EngineerApp.entitlements;
				CODE_SIGN_STYLE = Automatic;
				DEVELOPMENT_TEAM = 8HSC6WJMH6;
				INFOPLIST_FILE = EngineerApp/Info.plist;
				IPHONEOS_DEPLOYMENT_TARGET = 13.5;
				LD_RUNPATH_SEARCH_PATHS = (
					"$(inherited)",
					"@executable_path/Frameworks",
				);
				MARKETING_VERSION = 1.05;
				NEW_SETTING = "";
				PRODUCT_BUNDLE_IDENTIFIER = jp.techacademy.kazuma.miura2.EngineerApp;
				PRODUCT_NAME = "$(TARGET_NAME)";
				SWIFT_VERSION = 5.0;
				TARGETED_DEVICE_FAMILY = 1;
			};
			name = Release;
		};
		A40C8AC025663E3A0088A1D6 /* Debug */ = {
			isa = XCBuildConfiguration;
			buildSettings = {
				ALWAYS_EMBED_SWIFT_STANDARD_LIBRARIES = YES;
				BUNDLE_LOADER = "$(TEST_HOST)";
				CODE_SIGN_STYLE = Automatic;
				DEVELOPMENT_TEAM = 8HSC6WJMH6;
				INFOPLIST_FILE = EngineerAppTests/Info.plist;
				IPHONEOS_DEPLOYMENT_TARGET = 14.1;
				LD_RUNPATH_SEARCH_PATHS = (
					"$(inherited)",
					"@executable_path/Frameworks",
					"@loader_path/Frameworks",
				);
				PRODUCT_BUNDLE_IDENTIFIER = jp.techacademy.kazuma.miura2.EngineerAppTests;
				PRODUCT_NAME = "$(TARGET_NAME)";
				SWIFT_VERSION = 5.0;
				TARGETED_DEVICE_FAMILY = "1,2";
				TEST_HOST = "$(BUILT_PRODUCTS_DIR)/EngineerApp.app/EngineerApp";
			};
			name = Debug;
		};
		A40C8AC125663E3A0088A1D6 /* Release */ = {
			isa = XCBuildConfiguration;
			buildSettings = {
				ALWAYS_EMBED_SWIFT_STANDARD_LIBRARIES = YES;
				BUNDLE_LOADER = "$(TEST_HOST)";
				CODE_SIGN_STYLE = Automatic;
				DEVELOPMENT_TEAM = 8HSC6WJMH6;
				INFOPLIST_FILE = EngineerAppTests/Info.plist;
				IPHONEOS_DEPLOYMENT_TARGET = 14.1;
				LD_RUNPATH_SEARCH_PATHS = (
					"$(inherited)",
					"@executable_path/Frameworks",
					"@loader_path/Frameworks",
				);
				PRODUCT_BUNDLE_IDENTIFIER = jp.techacademy.kazuma.miura2.EngineerAppTests;
				PRODUCT_NAME = "$(TARGET_NAME)";
				SWIFT_VERSION = 5.0;
				TARGETED_DEVICE_FAMILY = "1,2";
				TEST_HOST = "$(BUILT_PRODUCTS_DIR)/EngineerApp.app/EngineerApp";
			};
			name = Release;
		};
		A40C8AC325663E3A0088A1D6 /* Debug */ = {
			isa = XCBuildConfiguration;
			buildSettings = {
				ALWAYS_EMBED_SWIFT_STANDARD_LIBRARIES = YES;
				CODE_SIGN_STYLE = Automatic;
				DEVELOPMENT_TEAM = 8HSC6WJMH6;
				INFOPLIST_FILE = EngineerAppUITests/Info.plist;
				LD_RUNPATH_SEARCH_PATHS = (
					"$(inherited)",
					"@executable_path/Frameworks",
					"@loader_path/Frameworks",
				);
				PRODUCT_BUNDLE_IDENTIFIER = jp.techacademy.kazuma.miura2.EngineerAppUITests;
				PRODUCT_NAME = "$(TARGET_NAME)";
				SWIFT_VERSION = 5.0;
				TARGETED_DEVICE_FAMILY = "1,2";
				TEST_TARGET_NAME = EngineerApp;
			};
			name = Debug;
		};
		A40C8AC425663E3A0088A1D6 /* Release */ = {
			isa = XCBuildConfiguration;
			buildSettings = {
				ALWAYS_EMBED_SWIFT_STANDARD_LIBRARIES = YES;
				CODE_SIGN_STYLE = Automatic;
				DEVELOPMENT_TEAM = 8HSC6WJMH6;
				INFOPLIST_FILE = EngineerAppUITests/Info.plist;
				LD_RUNPATH_SEARCH_PATHS = (
					"$(inherited)",
					"@executable_path/Frameworks",
					"@loader_path/Frameworks",
				);
				PRODUCT_BUNDLE_IDENTIFIER = jp.techacademy.kazuma.miura2.EngineerAppUITests;
				PRODUCT_NAME = "$(TARGET_NAME)";
				SWIFT_VERSION = 5.0;
				TARGETED_DEVICE_FAMILY = "1,2";
				TEST_TARGET_NAME = EngineerApp;
			};
			name = Release;
		};
/* End XCBuildConfiguration section */

/* Begin XCConfigurationList section */
		A40C8A8D25663E390088A1D6 /* Build configuration list for PBXProject "EngineerApp" */ = {
			isa = XCConfigurationList;
			buildConfigurations = (
				A40C8ABA25663E3A0088A1D6 /* Debug */,
				A40C8ABB25663E3A0088A1D6 /* Release */,
			);
			defaultConfigurationIsVisible = 0;
			defaultConfigurationName = Release;
		};
		A40C8ABC25663E3A0088A1D6 /* Build configuration list for PBXNativeTarget "EngineerApp" */ = {
			isa = XCConfigurationList;
			buildConfigurations = (
				A40C8ABD25663E3A0088A1D6 /* Debug */,
				A40C8ABE25663E3A0088A1D6 /* Release */,
			);
			defaultConfigurationIsVisible = 0;
			defaultConfigurationName = Release;
		};
		A40C8ABF25663E3A0088A1D6 /* Build configuration list for PBXNativeTarget "EngineerAppTests" */ = {
			isa = XCConfigurationList;
			buildConfigurations = (
				A40C8AC025663E3A0088A1D6 /* Debug */,
				A40C8AC125663E3A0088A1D6 /* Release */,
			);
			defaultConfigurationIsVisible = 0;
			defaultConfigurationName = Release;
		};
		A40C8AC225663E3A0088A1D6 /* Build configuration list for PBXNativeTarget "EngineerAppUITests" */ = {
			isa = XCConfigurationList;
			buildConfigurations = (
				A40C8AC325663E3A0088A1D6 /* Debug */,
				A40C8AC425663E3A0088A1D6 /* Release */,
			);
			defaultConfigurationIsVisible = 0;
			defaultConfigurationName = Release;
		};
/* End XCConfigurationList section */
	};
	rootObject = A40C8A8A25663E390088A1D6 /* Project object */;
}
