PODS:
  - DSFloatingButton (1.0.1)
  - IQKeyboardManagerSwift (6.5.6)
  - RAMAnimatedTabBarController (5.2.0)
  - Realm (10.17.0):
    - Realm/Headers (= 10.17.0)
  - Realm/Headers (10.17.0)
  - RealmSwift (10.17.0):
    - Realm (= 10.17.0)
  - SVProgressHUD (2.2.5)

DEPENDENCIES:
  - DSFloatingButton
  - IQKeyboardManagerSwift
  - RAMAnimatedTabBarController
  - RealmSwift
  - SVProgressHUD (= 2.2.5)

SPEC REPOS:
  trunk:
    - DSFloatingButton
    - IQKeyboardManagerSwift
    - RAMAnimatedTabBarController
    - Realm
    - RealmSwift
    - SVProgressHUD

SPEC CHECKSUMS:
  DSFloatingButton: 2611b44e75736cd2f2686691ee4d2c16f2b62391
  IQKeyboardManagerSwift: c7df9d2deb356c04522f5c4b7b6e4ce4d8ed94fe
  RAMAnimatedTabBarController: 6863a386e7ae2ab227cd60aa73ab8ff56cdacfdd
  Realm: 9533276bd76f66aa2fd0d3ffe700c1f6023dcab6
  RealmSwift: 57f5d59aa29852587aad1e861989e7af139894b5
  SVProgressHUD: 1428aafac632c1f86f62aa4243ec12008d7a51d6

PODFILE CHECKSUM: a92d2ebc2083248ddb1a75cc4026cbcd03850a8f

COCOAPODS: 1.11.2
