PODS:
  - DSFloatingButton (1.0.1)
  - RAMAnimatedTabBarController (5.2.0)
  - Realm (10.17.0):
    - Realm/Headers (= 10.17.0)
  - Realm/Headers (10.17.0)
  - RealmSwift (10.17.0):
    - Realm (= 10.17.0)
  - SVProgressHUD (2.2.5)

DEPENDENCIES:
  - DSFloatingButton
  - RAMAnimatedTabBarController
  - RealmSwift
  - SVProgressHUD (= 2.2.5)

SPEC REPOS:
  trunk:
    - DSFloatingButton
    - RAMAnimatedTabBarController
    - Realm
    - RealmSwift
    - SVProgressHUD

SPEC CHECKSUMS:
  DSFloatingButton: 2611b44e75736cd2f2686691ee4d2c16f2b62391
  RAMAnimatedTabBarController: 6863a386e7ae2ab227cd60aa73ab8ff56cdacfdd
  Realm: 9533276bd76f66aa2fd0d3ffe700c1f6023dcab6
  RealmSwift: 57f5d59aa29852587aad1e861989e7af139894b5
  SVProgressHUD: 1428aafac632c1f86f62aa4243ec12008d7a51d6

PODFILE CHECKSUM: 1186c2c44a1a03dc4f2c54a7c8cabb276c2a6ecf

COCOAPODS: 1.11.2
